
Microsoft Visual Studio Solution File, Format Version 12.00
# Visual Studio Version 16
VisualStudioVersion = 16.0.30804.86
MinimumVisualStudioVersion = 10.0.40219.1
Project("{8BC9CEB8-8B4A-11D0-8D11-00A0C91BC942}") = "3.1", "..\3.1\3.1.vcxproj", "{A7E9CAEC-337E-42DC-8DB3-07536F398C06}"
EndProject
Project("{8BC9CEB8-8B4A-11D0-8D11-00A0C91BC942}") = "3.1.2", "..\3.1.2\3.1.2.vcxproj", "{054A8B04-5982-489F-969F-1BC205B34373}"
EndProject
Project("{8BC9CEB8-8B4A-11D0-8D11-00A0C91BC942}") = "1_exam_obfuscate", "1_exam_obfuscate\1_exam_obfuscate.vcxproj", "{3A3237B1-60FD-4979-B967-4B2216305538}"
EndProject
Project("{8BC9CEB8-8B4A-11D0-8D11-00A0C91BC942}") = "4.1", "4.1\4.1.vcxproj", "{54042026-EE85-438A-B3F9-20E8D66DC81F}"
EndProject
Global
	GlobalSection(SolutionConfigurationPlatforms) = preSolution
		Debug|x64 = Debug|x64
		Debug|x86 = Debug|x86
		Release|x64 = Release|x64
		Release|x86 = Release|x86
	EndGlobalSection
	GlobalSection(ProjectConfigurationPlatforms) = postSolution
		{A7E9CAEC-337E-42DC-8DB3-07536F398C06}.Debug|x64.ActiveCfg = Debug|x64
		{A7E9CAEC-337E-42DC-8DB3-07536F398C06}.Debug|x64.Build.0 = Debug|x64
		{A7E9CAEC-337E-42DC-8DB3-07536F398C06}.Debug|x86.ActiveCfg = Debug|Win32
		{A7E9CAEC-337E-42DC-8DB3-07536F398C06}.Debug|x86.Build.0 = Debug|Win32
		{A7E9CAEC-337E-42DC-8DB3-07536F398C06}.Release|x64.ActiveCfg = Release|x64
		{A7E9CAEC-337E-42DC-8DB3-07536F398C06}.Release|x64.Build.0 = Release|x64
		{A7E9CAEC-337E-42DC-8DB3-07536F398C06}.Release|x86.ActiveCfg = Release|Win32
		{A7E9CAEC-337E-42DC-8DB3-07536F398C06}.Release|x86.Build.0 = Release|Win32
		{054A8B04-5982-489F-969F-1BC205B34373}.Debug|x64.ActiveCfg = Debug|x64
		{054A8B04-5982-489F-969F-1BC205B34373}.Debug|x64.Build.0 = Debug|x64
		{054A8B04-5982-489F-969F-1BC205B34373}.Debug|x86.ActiveCfg = Debug|Win32
		{054A8B04-5982-489F-969F-1BC205B34373}.Debug|x86.Build.0 = Debug|Win32
		{054A8B04-5982-489F-969F-1BC205B34373}.Release|x64.ActiveCfg = Release|x64
		{054A8B04-5982-489F-969F-1BC205B34373}.Release|x64.Build.0 = Release|x64
		{054A8B04-5982-489F-969F-1BC205B34373}.Release|x86.ActiveCfg = Release|Win32
		{054A8B04-5982-489F-969F-1BC205B34373}.Release|x86.Build.0 = Release|Win32
		{3A3237B1-60FD-4979-B967-4B2216305538}.Debug|x64.ActiveCfg = Debug|x64
		{3A3237B1-60FD-4979-B967-4B2216305538}.Debug|x64.Build.0 = Debug|x64
		{3A3237B1-60FD-4979-B967-4B2216305538}.Debug|x86.ActiveCfg = Debug|Win32
		{3A3237B1-60FD-4979-B967-4B2216305538}.Debug|x86.Build.0 = Debug|Win32
		{3A3237B1-60FD-4979-B967-4B2216305538}.Release|x64.ActiveCfg = Release|x64
		{3A3237B1-60FD-4979-B967-4B2216305538}.Release|x64.Build.0 = Release|x64
		{3A3237B1-60FD-4979-B967-4B2216305538}.Release|x86.ActiveCfg = Release|Win32
		{3A3237B1-60FD-4979-B967-4B2216305538}.Release|x86.Build.0 = Release|Win32
		{54042026-EE85-438A-B3F9-20E8D66DC81F}.Debug|x64.ActiveCfg = Debug|x64
		{54042026-EE85-438A-B3F9-20E8D66DC81F}.Debug|x64.Build.0 = Debug|x64
		{54042026-EE85-438A-B3F9-20E8D66DC81F}.Debug|x86.ActiveCfg = Debug|Win32
		{54042026-EE85-438A-B3F9-20E8D66DC81F}.Debug|x86.Build.0 = Debug|Win32
		{54042026-EE85-438A-B3F9-20E8D66DC81F}.Release|x64.ActiveCfg = Release|x64
		{54042026-EE85-438A-B3F9-20E8D66DC81F}.Release|x64.Build.0 = Release|x64
		{54042026-EE85-438A-B3F9-20E8D66DC81F}.Release|x86.ActiveCfg = Release|Win32
		{54042026-EE85-438A-B3F9-20E8D66DC81F}.Release|x86.Build.0 = Release|Win32
	EndGlobalSection
	GlobalSection(SolutionProperties) = preSolution
		HideSolutionNode = FALSE
	EndGlobalSection
	GlobalSection(ExtensibilityGlobals) = postSolution
		SolutionGuid = {FEA56F5C-CB72-4DB5-BA57-389F7E7F6627}
	EndGlobalSection
EndGlobal
